lockfile_version: '2'
generated_at: '2026-08-16T08:38:09.480535+00:00'
apm_version: 0.28.0
dependencies:
- repo_url: alonsofloo/skills
  materialization_repo_url: AlonsoFloo/skills
  name: AlonsoFlooSkills
  host: github.com
  resolved_commit: 3d3ffe024285ee3c90d712435826870681ea45aa
  resolved_ref: main
  version: 1.0.0
  package_type: skill_bundle
  deployed_files:
  - .agents/skills/devops-craftsmanship
  - .agents/skills/devops-craftsmanship/SKILL.md
  - .agents/skills/devops-craftsmanship/references/examples.md
  - .agents/skills/software-craftsmanship
  - .agents/skills/software-craftsmanship/SKILL.md
  - .agents/skills/software-craftsmanship/references/examples.md
  - .agents/skills/testing-craftsmanship
  - .agents/skills/testing-craftsmanship/SKILL.md
  - .agents/skills/testing-craftsmanship/references/examples.md
  deployed_file_hashes:
    .agents/skills/devops-craftsmanship/SKILL.md: sha256:456f861f193ea8171321bd6f47751e56905dc24437ae3f1e5bb3617a723e235e
    .agents/skills/devops-craftsmanship/references/examples.md: sha256:1e89ce761164862d2f31c41c6392d737ac4c84d5fbbc0af939fb241aa4fe8978
    .agents/skills/software-craftsmanship/SKILL.md: sha256:f8224732f27069f201362576380b87baef65de15e3d30d792d4137a7202fa7e3
    .agents/skills/software-craftsmanship/references/examples.md: sha256:47d984d8b1bdfe5c48e2b6a56aafcc1357c66059329d47c2253c4908baaceffc
    .agents/skills/testing-craftsmanship/SKILL.md: sha256:ae676ba6cd71e563757e6914a9da9a5b3a29602da69f9e80a22e55b932c982c2
    .agents/skills/testing-craftsmanship/references/examples.md: sha256:0a9cf62cc6549e2075686b000c97d712d461daf03bebfbd5ed0a7f76aa71eba4
  content_hash: sha256:f7ef941dfc25fbdbfb1e94b4525529564dcc5488a7683b94c737791091345e9d
  declared_license: MIT
- repo_url: android/skills
  name: skills
  host: github.com
  resolved_commit: 1e5e7ae6138bebd0835d0d5854b0b9adfeed3181
  resolved_ref: v1.0.7
  version: 1e5e7ae
  depth: 2
  resolved_by: AlonsoFloo/skills
  package_type: marketplace_plugin
  content_hash: sha256:c279dfbb10968d243d278807f3a17cbb05ab84b951a001ec47f160bf0b8dac36
- repo_url: avdlee/swift-concurrency-agent-skill
  materialization_repo_url: AvdLee/Swift-Concurrency-Agent-Skill
  name: swift-concurrency
  host: github.com
  resolved_commit: 45fa49e4e0b2af4d43b1cb458903f8030ac993bd
  resolved_ref: 2.3.0
  version: 2.3.0
  depth: 2
  resolved_by: AlonsoFloo/skills
  package_type: marketplace_plugin
  deployed_files:
  - .agents/skills/swift-concurrency
  - .agents/skills/swift-concurrency/SKILL.md
  - .agents/skills/swift-concurrency/agents/openai.yaml
  - .agents/skills/swift-concurrency/assets/logo-small.png
  - .agents/skills/swift-concurrency/assets/logo.png
  - .agents/skills/swift-concurrency/references/_index.md
  - .agents/skills/swift-concurrency/references/actors.md
  - .agents/skills/swift-concurrency/references/async-algorithms.md
  - .agents/skills/swift-concurrency/references/async-await-basics.md
  - .agents/skills/swift-concurrency/references/async-sequences.md
  - .agents/skills/swift-concurrency/references/core-data.md
  - .agents/skills/swift-concurrency/references/glossary.md
  - .agents/skills/swift-concurrency/references/linting.md
  - .agents/skills/swift-concurrency/references/memory-management.md
  - .agents/skills/swift-concurrency/references/migration.md
  - .agents/skills/swift-concurrency/references/observation.md
  - .agents/skills/swift-concurrency/references/performance.md
  - .agents/skills/swift-concurrency/references/sendable.md
  - .agents/skills/swift-concurrency/references/tasks.md
  - .agents/skills/swift-concurrency/references/testing.md
  - .agents/skills/swift-concurrency/references/threading.md
  deployed_file_hashes:
    .agents/skills/swift-concurrency/SKILL.md: sha256:8c667b2ff988251c7c291abe046b77d7b8fcfbe3b5ed36961e25e224b1ead491
    .agents/skills/swift-concurrency/agents/openai.yaml: sha256:ee6afe3f6c048fa77f73510f5536abc8f399bc48c8641dc308343ed37ee53cfc
    .agents/skills/swift-concurrency/assets/logo-small.png: sha256:f1f69d278df362306d16809151486fad79fc08d6b3018aeabea4580507392f93
    .agents/skills/swift-concurrency/assets/logo.png: sha256:7eeb6005c4ce9d1ab514418cc645c463fa6b84536527dfac715676ee878cf7b1
    .agents/skills/swift-concurrency/references/_index.md: sha256:7e9e076d885ef05402a67aa8a84b83e63a3c29b3d005816f6acb4c30b6d76531
    .agents/skills/swift-concurrency/references/actors.md: sha256:2de7cebbdd1cbc2b7c9312c7b59a3f44ada0456b6e74579aae7fba3e02b0b5fe
    .agents/skills/swift-concurrency/references/async-algorithms.md: sha256:9e16790e9b81850a37b3de995220074491f3efd5accab1f5daa0a633625fed40
    .agents/skills/swift-concurrency/references/async-await-basics.md: sha256:e550aba692af77cf660ad6f754a65c52b01505cad234d159a6d47a919faaf536
    .agents/skills/swift-concurrency/references/async-sequences.md: sha256:33d853118e37c1ac380c253200571efa44fe7127b9b6512ba95b43e670a5f453
    .agents/skills/swift-concurrency/references/core-data.md: sha256:c89c4846fa64a2389abf807684ed373a6c0e6d16351dfa051e1fd71b85444d00
    .agents/skills/swift-concurrency/references/glossary.md: sha256:20dd1f05717810944af675db215d758efa5d1c7b487ee007faae1ec4e2a7c36f
    .agents/skills/swift-concurrency/references/linting.md: sha256:ead994f6e254208acf298a588ad9a49bbd9779530f31e01c74c4d32d06a7bd4a
    .agents/skills/swift-concurrency/references/memory-management.md: sha256:28dcb8a7ff7411390ca0b7f1b0db16d6b00c3705bd6ed1f9b649c476bf0a7554
    .agents/skills/swift-concurrency/references/migration.md: sha256:9115da8228d3a19426869627c28b7ed444f8d783723039293cceb46a1fc1c570
    .agents/skills/swift-concurrency/references/observation.md: sha256:940c085d43e2e067848d7caf95731fb1335c3f16f83ebe43b06549021a29f1b1
    .agents/skills/swift-concurrency/references/performance.md: sha256:dfd74c1c592ce42c520b54a309ba2b50e228608efa055fd6b597067e9ad71668
    .agents/skills/swift-concurrency/references/sendable.md: sha256:af8e026b3c205d3c3acb58bf9a59e456f063f564845f38020a91cac511a08ca8
    .agents/skills/swift-concurrency/references/tasks.md: sha256:0401a762683454149d5ca532684901f4fb5597a6821acacc8d49d037db9a37e9
    .agents/skills/swift-concurrency/references/testing.md: sha256:3df9e839b3338dd473115d9ac8787a42d91b50a537fe40c55cf66d21034679db
    .agents/skills/swift-concurrency/references/threading.md: sha256:0a4e44bd27fdf852cf5f8f5aa64cfe15ba229fb7c885b3f69ed2afdbfac8752a
  content_hash: sha256:4c4bbce1fea27b4969a4b808ce8e13b4ad82c60170d3478d9878ca4419d4abd9
  skill_subset:
  - swift-concurrency
  constraint: 2.3.0
  resolved_tag: 2.3.0
  resolved_at: '2026-08-16T08:38:07+00:00'
  declared_license: MIT
- repo_url: chrisbanes/skills
  name: chrisbanes-skills
  host: github.com
  resolved_commit: 8d019ed3b8e634a14198709ec22e01afb121ea07
  resolved_ref: 2026.8.5
  version: 2026.8.5
  depth: 2
  resolved_by: AlonsoFloo/skills
  package_type: marketplace_plugin
  deployed_files:
  - .agents/skills/compose-animations
  - .agents/skills/compose-animations/SKILL.md
  - .agents/skills/kotlin-control-flow
  - .agents/skills/kotlin-control-flow/SKILL.md
  deployed_file_hashes:
    .agents/skills/compose-animations/SKILL.md: sha256:ab58929af9410e22a0d3a069cc633548e24238c3f18827eed47b1231e2d75be2
    .agents/skills/kotlin-control-flow/SKILL.md: sha256:425a5cc33e6f0dc4697a9b80e0e8c5eeb091ce86dd8411b5b397a0135c3e7560
  content_hash: sha256:a95cafffc4e8299da48ad13e70071e19fd6804c72394015a1b09cb0216fdfe28
  skill_subset:
  - compose-animations
  - kotlin-control-flow
  constraint: 2026.8.5
  resolved_tag: 2026.8.5
  resolved_at: '2026-08-16T08:38:07+00:00'
  declared_license: Apache-2.0
- repo_url: kotlin/kotlin-agent-skills
  materialization_repo_url: Kotlin/kotlin-agent-skills
  name: kotlin-agent-skills
  host: github.com
  resolved_commit: 08d7ad0d74a9a5a548287b2bd4926180fab56cac
  resolved_ref: 08d7ad0d74a9a5a548287b2bd4926180fab56cac
  version: 08d7ad0
  depth: 2
  resolved_by: AlonsoFloo/skills
  package_type: marketplace_plugin
  deployed_files:
  - .agents/skills/kotlin-backend-jpa-entity-mapping
  - .agents/skills/kotlin-backend-jpa-entity-mapping/SKILL.md
  - .agents/skills/kotlin-tooling-agp9-migration
  - .agents/skills/kotlin-tooling-agp9-migration/SKILL.md
  - .agents/skills/kotlin-tooling-agp9-migration/assets/checklist.md
  - .agents/skills/kotlin-tooling-agp9-migration/references/DSL-REFERENCE.md
  - .agents/skills/kotlin-tooling-agp9-migration/references/KNOWN-ISSUES.md
  - .agents/skills/kotlin-tooling-agp9-migration/references/MIGRATION-APP-SPLIT.md
  - .agents/skills/kotlin-tooling-agp9-migration/references/MIGRATION-FULL-RESTRUCTURE.md
  - .agents/skills/kotlin-tooling-agp9-migration/references/MIGRATION-LIBRARY.md
  - .agents/skills/kotlin-tooling-agp9-migration/references/PLUGIN-COMPATIBILITY.md
  - .agents/skills/kotlin-tooling-agp9-migration/references/VERSION-MATRIX.md
  - .agents/skills/kotlin-tooling-agp9-migration/scripts/analyze-project.sh
  - .agents/skills/kotlin-tooling-cocoapods-spm-migration
  - .agents/skills/kotlin-tooling-cocoapods-spm-migration/SKILL.md
  - .agents/skills/kotlin-tooling-cocoapods-spm-migration/references/cocoapods-extras-patterns.md
  - .agents/skills/kotlin-tooling-cocoapods-spm-migration/references/common-pods-mapping.md
  - .agents/skills/kotlin-tooling-cocoapods-spm-migration/references/dsl-reference.md
  - .agents/skills/kotlin-tooling-cocoapods-spm-migration/references/migration-report-template.md
  - .agents/skills/kotlin-tooling-cocoapods-spm-migration/references/troubleshooting.md
  - .agents/skills/kotlin-tooling-immutable-collections-0-5-x-migration
  - .agents/skills/kotlin-tooling-immutable-collections-0-5-x-migration/SKILL.md
  - .agents/skills/kotlin-tooling-java-to-kotlin
  - .agents/skills/kotlin-tooling-java-to-kotlin/SKILL.md
  - .agents/skills/kotlin-tooling-java-to-kotlin/assets/checklist.md
  - .agents/skills/kotlin-tooling-java-to-kotlin/references/CONVERSION-METHODOLOGY.md
  - .agents/skills/kotlin-tooling-java-to-kotlin/references/KNOWN-ISSUES.md
  - .agents/skills/kotlin-tooling-java-to-kotlin/references/frameworks/DAGGER-HILT.md
  - .agents/skills/kotlin-tooling-java-to-kotlin/references/frameworks/GUICE.md
  - .agents/skills/kotlin-tooling-java-to-kotlin/references/frameworks/HIBERNATE.md
  - .agents/skills/kotlin-tooling-java-to-kotlin/references/frameworks/JACKSON.md
  - .agents/skills/kotlin-tooling-java-to-kotlin/references/frameworks/JUNIT.md
  - .agents/skills/kotlin-tooling-java-to-kotlin/references/frameworks/LOMBOK.md
  - .agents/skills/kotlin-tooling-java-to-kotlin/references/frameworks/MICRONAUT.md
  - .agents/skills/kotlin-tooling-java-to-kotlin/references/frameworks/MOCKITO.md
  - .agents/skills/kotlin-tooling-java-to-kotlin/references/frameworks/QUARKUS.md
  - .agents/skills/kotlin-tooling-java-to-kotlin/references/frameworks/RETROFIT.md
  - .agents/skills/kotlin-tooling-java-to-kotlin/references/frameworks/RXJAVA.md
  - .agents/skills/kotlin-tooling-java-to-kotlin/references/frameworks/SPRING.md
  - .agents/skills/kotlin-tooling-native-build-performance
  - .agents/skills/kotlin-tooling-native-build-performance/SKILL.md
  - .agents/skills/kotlin-tooling-native-build-performance/evals/EVALUATION.md
  - .agents/skills/kotlin-tooling-native-build-performance/references/artifacts-and-targets.md
  - .agents/skills/kotlin-tooling-native-build-performance/references/caching-and-gradle.md
  - .agents/skills/kotlin-tooling-native-build-performance/references/experimental.md
  - .agents/skills/kotlin-tooling-native-build-performance/references/exports-and-generated-code.md
  - .agents/skills/kotlin-tooling-native-build-performance/scripts/audit-native-build.sh
  deployed_file_hashes:
    .agents/skills/kotlin-backend-jpa-entity-mapping/SKILL.md: sha256:5d9c864a55c5ad29f54a807820672a9b5e0360ee33006c63a396a31bef0d8f4e
    .agents/skills/kotlin-tooling-agp9-migration/SKILL.md: sha256:eec4224102bdea5779f7a181a4f3dc946efee5b7398b207c1467f1f84aeaa0a6
    .agents/skills/kotlin-tooling-agp9-migration/assets/checklist.md: sha256:bccb1adb33a00368e09b94d4cce19b3f3b60da0dab6441664249c078d3dce31c
    .agents/skills/kotlin-tooling-agp9-migration/references/DSL-REFERENCE.md: sha256:aeeb39d3c4ce1d901e9e4d2b5be3b815b9e43169bb488e0c6661cba0ef5220d4
    .agents/skills/kotlin-tooling-agp9-migration/references/KNOWN-ISSUES.md: sha256:5b15e61f34e3821f40fb26d1a5a9cdce4c9cea1915b6be147df2d43ed883027f
    .agents/skills/kotlin-tooling-agp9-migration/references/MIGRATION-APP-SPLIT.md: sha256:77b614b62dd495d4954414cfbafdbd1ee4c888ead08ee8c4df20db64ad23f2bb
    .agents/skills/kotlin-tooling-agp9-migration/references/MIGRATION-FULL-RESTRUCTURE.md: sha256:3cb0f06dd7c213603b39b086fe33685fa00d56d14bfbd59c53569a5faa1e21ef
    .agents/skills/kotlin-tooling-agp9-migration/references/MIGRATION-LIBRARY.md: sha256:381928ff702602d6384b3fc08402f74dc48f1b20a2085419202ce4191f8caaaf
    .agents/skills/kotlin-tooling-agp9-migration/references/PLUGIN-COMPATIBILITY.md: sha256:ec47b996d9459c435fb2ca0588bb35189bc81370c533fee8f38cec93755e92a8
    .agents/skills/kotlin-tooling-agp9-migration/references/VERSION-MATRIX.md: sha256:81537c09a682c476beec70fe7b0075799b7393857f2227164709b66a2446c256
    .agents/skills/kotlin-tooling-agp9-migration/scripts/analyze-project.sh: sha256:6f3929ae06341793e373f24bf868f4aa026efc3a0b819e03473e28c84da57f5d
    .agents/skills/kotlin-tooling-cocoapods-spm-migration/SKILL.md: sha256:06d75416ed876c18d950493a5aefe6ef5dd5cb955ec0c1d6c1c45cac8ab839ca
    .agents/skills/kotlin-tooling-cocoapods-spm-migration/references/cocoapods-extras-patterns.md: sha256:38e9886bc1a3706b4b9fdfd51f38940ce47708e8d524276df160ca8af530f629
    .agents/skills/kotlin-tooling-cocoapods-spm-migration/references/common-pods-mapping.md: sha256:6f3cb5a2c2a0b096720ad4cb97a744e004e9598b3b4e26b5b8420633c14e5791
    .agents/skills/kotlin-tooling-cocoapods-spm-migration/references/dsl-reference.md: sha256:67b05e2de0f117463f8d743e624a9241f6820bea0380292b5b026a58050b5145
    .agents/skills/kotlin-tooling-cocoapods-spm-migration/references/migration-report-template.md: sha256:ea0d1fa2f4db039ad04f919a964f634ccd1b890336852574399eeaa74e84e7f5
    .agents/skills/kotlin-tooling-cocoapods-spm-migration/references/troubleshooting.md: sha256:aee1e42d1f4dd6e8fafba6de59896e1d6b667ada352de6d0e8c0bdc2971108da
    .agents/skills/kotlin-tooling-immutable-collections-0-5-x-migration/SKILL.md: sha256:7b161da34a28fc5a6855b6e1b6c1749fbc754eaa29b911ec0cc8bb532b0c9d26
    .agents/skills/kotlin-tooling-java-to-kotlin/SKILL.md: sha256:5b372715adac4df37e3261040ead2d0c937a5e06a55178fa5ff0fcc95adc1944
    .agents/skills/kotlin-tooling-java-to-kotlin/assets/checklist.md: sha256:b2cafa681d87c3d6b9ce730954943ccc306e0c3c5d96f3f7eb0d6726d108bb40
    .agents/skills/kotlin-tooling-java-to-kotlin/references/CONVERSION-METHODOLOGY.md: sha256:b83aaed4331d632065008872bb5db9898f4bb3c14a76b73e166b2509ab48f4ea
    .agents/skills/kotlin-tooling-java-to-kotlin/references/KNOWN-ISSUES.md: sha256:581cce6cb0b8c353c2f573435c9b2ba36a0f3768aee755680c652dd4067e5e34
    .agents/skills/kotlin-tooling-java-to-kotlin/references/frameworks/DAGGER-HILT.md: sha256:ed52d352e63f7675677fa2ffb5f37ef97554a34b5176c34861031839031ac4b9
    .agents/skills/kotlin-tooling-java-to-kotlin/references/frameworks/GUICE.md: sha256:7ca1991006f3e009a18f4bf5276a02873c87c75201b34ba69eb0cc5c2cdcf0f5
    .agents/skills/kotlin-tooling-java-to-kotlin/references/frameworks/HIBERNATE.md: sha256:02cf14d4d56cba141682bd8bfd5154d2018822a3aca6f477d8fb48bb91e08277
    .agents/skills/kotlin-tooling-java-to-kotlin/references/frameworks/JACKSON.md: sha256:c407201a3629f1af4117e3b6b99a0cbebb7f7b62ef14fb9c3bb7e55250ea86ef
    .agents/skills/kotlin-tooling-java-to-kotlin/references/frameworks/JUNIT.md: sha256:58141f5f63afe96944366bcd2e4d462f6ba4d55e2cfe5e8fd29e77ff51604c78
    .agents/skills/kotlin-tooling-java-to-kotlin/references/frameworks/LOMBOK.md: sha256:b7f2e11b740261ebec3a9afcd2fa4a7a0c82f082433986c4ba1ba62c64b0bf25
    .agents/skills/kotlin-tooling-java-to-kotlin/references/frameworks/MICRONAUT.md: sha256:4d5f9ba64acc694cdade9d374e43548f083bacb40d2995ce424c4ff8c7836edd
    .agents/skills/kotlin-tooling-java-to-kotlin/references/frameworks/MOCKITO.md: sha256:221bdf1fae8def5ca083e84cf829b252baceea065eca10a42fa7279d6f8be23e
    .agents/skills/kotlin-tooling-java-to-kotlin/references/frameworks/QUARKUS.md: sha256:d0c708e5cf05598fa04760a1696bf2ad396f67933324ebaae51f475f4ec88d5a
    .agents/skills/kotlin-tooling-java-to-kotlin/references/frameworks/RETROFIT.md: sha256:b79fd49230bb9cf2b9a2b05ddb772de8ba4b5d80ddc00dc7b3a33550e2988f22
    .agents/skills/kotlin-tooling-java-to-kotlin/references/frameworks/RXJAVA.md: sha256:87cad42db77a79c9c2a8bc24d051f0526300fb0682de239e30bbd88748608b82
    .agents/skills/kotlin-tooling-java-to-kotlin/references/frameworks/SPRING.md: sha256:b07412f7dbcd9cb7d543370e69e6e9d0faf4f4bd74608a0586fa0be93c881ae8
    .agents/skills/kotlin-tooling-native-build-performance/SKILL.md: sha256:948fcecafa9fd0dcd447682e1fef7046b542be710ee27c2f25eade31c182455e
    .agents/skills/kotlin-tooling-native-build-performance/evals/EVALUATION.md: sha256:f7f4a9c7412e6e40e9b9fc66f4654fbc35c790c8a89a4ec77e1f3eeaf0219e7c
    .agents/skills/kotlin-tooling-native-build-performance/references/artifacts-and-targets.md: sha256:5dceccd55aa6b517b1f2e48b76b585958244ee66818ecbb4cfa056c0f8cc66ff
    .agents/skills/kotlin-tooling-native-build-performance/references/caching-and-gradle.md: sha256:2f7f316e62d3b79adc9b80348b0f25b1ded3d9871d3a528dd1db3af3ecd792cf
    .agents/skills/kotlin-tooling-native-build-performance/references/experimental.md: sha256:e0e83e36ebdd41f393082680ed06ff396077540544c5723cace80a2058a5eb1f
    .agents/skills/kotlin-tooling-native-build-performance/references/exports-and-generated-code.md: sha256:76d94b9a08e933f09eaae66e8a613f79726dbabc65f765e2130fabf93c0f87d3
    .agents/skills/kotlin-tooling-native-build-performance/scripts/audit-native-build.sh: sha256:94af58014fb24aaf1e7757ce804ea19e4023cc778da77ac0d725bd19aa0ba9e7
  content_hash: sha256:f804c6eafecfd7e99324f960d3691acc0a234aff3323920899710ef91f4f2a8b
- repo_url: skydoves/compose-performance-skills
  name: ordering-modifier-chains
  host: github.com
  resolved_commit: 1b32f81724c0d71fe9ef093ca44697f559fdab6e
  resolved_ref: main
  version: unknown
  virtual_path: modifiers/ordering-modifier-chains
  is_virtual: true
  depth: 2
  resolved_by: AlonsoFloo/skills
  package_type: claude_skill
  deployed_files:
  - .agents/skills/ordering-modifier-chains
  - .agents/skills/ordering-modifier-chains/SKILL.md
  deployed_file_hashes:
    .agents/skills/ordering-modifier-chains/SKILL.md: sha256:57b72424fb4f25e33b8a4144e9eaaae01b11fff2d375514e00b56e5fa0934c8a
  content_hash: sha256:962358a48cabb3897a56ecd46997fbd8094bf2b0722086e26f17e7c7dbaf70bf
- repo_url: skydoves/compose-performance-skills
  name: using-efficient-effects
  host: github.com
  resolved_commit: 1b32f81724c0d71fe9ef093ca44697f559fdab6e
  resolved_ref: main
  version: unknown
  virtual_path: side-effects/using-efficient-effects
  is_virtual: true
  depth: 2
  resolved_by: AlonsoFloo/skills
  package_type: claude_skill
  deployed_files:
  - .agents/skills/using-efficient-effects
  - .agents/skills/using-efficient-effects/SKILL.md
  deployed_file_hashes:
    .agents/skills/using-efficient-effects/SKILL.md: sha256:f5f891478683cb1eb0d07aef277606135560f0491993a45181a141627d080362
  content_hash: sha256:30de443599bceda2de9c7c6de5e8cf7ac6e94c7d3bc8ceecb55698b34f020f68
deployments:
- kind: project-relative
  target: agent-skills
  value: .agents/skills/compose-animations
  runtime: null
  scope: project
  owners:
  - chrisbanes/skills
  active_owner: chrisbanes/skills
  content_hash: null
- kind: project-relative
  target: agent-skills
  value: .agents/skills/compose-animations/SKILL.md
  runtime: null
  scope: project
  owners:
  - chrisbanes/skills
  active_owner: chrisbanes/skills
  content_hash: sha256:ab58929af9410e22a0d3a069cc633548e24238c3f18827eed47b1231e2d75be2
- kind: project-relative
  target: agent-skills
  value: .agents/skills/devops-craftsmanship
  runtime: null
  scope: project
  owners:
  - alonsofloo/skills
  active_owner: alonsofloo/skills
  content_hash: null
- kind: project-relative
  target: agent-skills
  value: .agents/skills/devops-craftsmanship/SKILL.md
  runtime: null
  scope: project
  owners:
  - alonsofloo/skills
  active_owner: alonsofloo/skills
  content_hash: sha256:456f861f193ea8171321bd6f47751e56905dc24437ae3f1e5bb3617a723e235e
- kind: project-relative
  target: agent-skills
  value: .agents/skills/devops-craftsmanship/references/examples.md
  runtime: null
  scope: project
  owners:
  - alonsofloo/skills
  active_owner: alonsofloo/skills
  content_hash: sha256:1e89ce761164862d2f31c41c6392d737ac4c84d5fbbc0af939fb241aa4fe8978
- kind: project-relative
  target: agent-skills
  value: .agents/skills/kotlin-backend-jpa-entity-mapping
  runtime: null
  scope: project
  owners:
  - kotlin/kotlin-agent-skills
  active_owner: kotlin/kotlin-agent-skills
  content_hash: null
- kind: project-relative
  target: agent-skills
  value: .agents/skills/kotlin-backend-jpa-entity-mapping/SKILL.md
  runtime: null
  scope: project
  owners:
  - kotlin/kotlin-agent-skills
  active_owner: kotlin/kotlin-agent-skills
  content_hash: sha256:5d9c864a55c5ad29f54a807820672a9b5e0360ee33006c63a396a31bef0d8f4e
- kind: project-relative
  target: agent-skills
  value: .agents/skills/kotlin-control-flow
  runtime: null
  scope: project
  owners:
  - chrisbanes/skills
  active_owner: chrisbanes/skills
  content_hash: null
- kind: project-relative
  target: agent-skills
  value: .agents/skills/kotlin-control-flow/SKILL.md
  runtime: null
  scope: project
  owners:
  - chrisbanes/skills
  active_owner: chrisbanes/skills
  content_hash: sha256:425a5cc33e6f0dc4697a9b80e0e8c5eeb091ce86dd8411b5b397a0135c3e7560
- kind: project-relative
  target: agent-skills
  value: .agents/skills/kotlin-tooling-agp9-migration
  runtime: null
  scope: project
  owners:
  - kotlin/kotlin-agent-skills
  active_owner: kotlin/kotlin-agent-skills
  content_hash: null
- kind: project-relative
  target: agent-skills
  value: .agents/skills/kotlin-tooling-agp9-migration/SKILL.md
  runtime: null
  scope: project
  owners:
  - kotlin/kotlin-agent-skills
  active_owner: kotlin/kotlin-agent-skills
  content_hash: sha256:eec4224102bdea5779f7a181a4f3dc946efee5b7398b207c1467f1f84aeaa0a6
- kind: project-relative
  target: agent-skills
  value: .agents/skills/kotlin-tooling-agp9-migration/assets/checklist.md
  runtime: null
  scope: project
  owners:
  - kotlin/kotlin-agent-skills
  active_owner: kotlin/kotlin-agent-skills
  content_hash: sha256:bccb1adb33a00368e09b94d4cce19b3f3b60da0dab6441664249c078d3dce31c
- kind: project-relative
  target: agent-skills
  value: .agents/skills/kotlin-tooling-agp9-migration/references/DSL-REFERENCE.md
  runtime: null
  scope: project
  owners:
  - kotlin/kotlin-agent-skills
  active_owner: kotlin/kotlin-agent-skills
  content_hash: sha256:aeeb39d3c4ce1d901e9e4d2b5be3b815b9e43169bb488e0c6661cba0ef5220d4
- kind: project-relative
  target: agent-skills
  value: .agents/skills/kotlin-tooling-agp9-migration/references/KNOWN-ISSUES.md
  runtime: null
  scope: project
  owners:
  - kotlin/kotlin-agent-skills
  active_owner: kotlin/kotlin-agent-skills
  content_hash: sha256:5b15e61f34e3821f40fb26d1a5a9cdce4c9cea1915b6be147df2d43ed883027f
- kind: project-relative
  target: agent-skills
  value: .agents/skills/kotlin-tooling-agp9-migration/references/MIGRATION-APP-SPLIT.md
  runtime: null
  scope: project
  owners:
  - kotlin/kotlin-agent-skills
  active_owner: kotlin/kotlin-agent-skills
  content_hash: sha256:77b614b62dd495d4954414cfbafdbd1ee4c888ead08ee8c4df20db64ad23f2bb
- kind: project-relative
  target: agent-skills
  value: .agents/skills/kotlin-tooling-agp9-migration/references/MIGRATION-FULL-RESTRUCTURE.md
  runtime: null
  scope: project
  owners:
  - kotlin/kotlin-agent-skills
  active_owner: kotlin/kotlin-agent-skills
  content_hash: sha256:3cb0f06dd7c213603b39b086fe33685fa00d56d14bfbd59c53569a5faa1e21ef
- kind: project-relative
  target: agent-skills
  value: .agents/skills/kotlin-tooling-agp9-migration/references/MIGRATION-LIBRARY.md
  runtime: null
  scope: project
  owners:
  - kotlin/kotlin-agent-skills
  active_owner: kotlin/kotlin-agent-skills
  content_hash: sha256:381928ff702602d6384b3fc08402f74dc48f1b20a2085419202ce4191f8caaaf
- kind: project-relative
  target: agent-skills
  value: .agents/skills/kotlin-tooling-agp9-migration/references/PLUGIN-COMPATIBILITY.md
  runtime: null
  scope: project
  owners:
  - kotlin/kotlin-agent-skills
  active_owner: kotlin/kotlin-agent-skills
  content_hash: sha256:ec47b996d9459c435fb2ca0588bb35189bc81370c533fee8f38cec93755e92a8
- kind: project-relative
  target: agent-skills
  value: .agents/skills/kotlin-tooling-agp9-migration/references/VERSION-MATRIX.md
  runtime: null
  scope: project
  owners:
  - kotlin/kotlin-agent-skills
  active_owner: kotlin/kotlin-agent-skills
  content_hash: sha256:81537c09a682c476beec70fe7b0075799b7393857f2227164709b66a2446c256
- kind: project-relative
  target: agent-skills
  value: .agents/skills/kotlin-tooling-agp9-migration/scripts/analyze-project.sh
  runtime: null
  scope: project
  owners:
  - kotlin/kotlin-agent-skills
  active_owner: kotlin/kotlin-agent-skills
  content_hash: sha256:6f3929ae06341793e373f24bf868f4aa026efc3a0b819e03473e28c84da57f5d
- kind: project-relative
  target: agent-skills
  value: .agents/skills/kotlin-tooling-cocoapods-spm-migration
  runtime: null
  scope: project
  owners:
  - kotlin/kotlin-agent-skills
  active_owner: kotlin/kotlin-agent-skills
  content_hash: null
- kind: project-relative
  target: agent-skills
  value: .agents/skills/kotlin-tooling-cocoapods-spm-migration/SKILL.md
  runtime: null
  scope: project
  owners:
  - kotlin/kotlin-agent-skills
  active_owner: kotlin/kotlin-agent-skills
  content_hash: sha256:06d75416ed876c18d950493a5aefe6ef5dd5cb955ec0c1d6c1c45cac8ab839ca
- kind: project-relative
  target: agent-skills
  value: .agents/skills/kotlin-tooling-cocoapods-spm-migration/references/cocoapods-extras-patterns.md
  runtime: null
  scope: project
  owners:
  - kotlin/kotlin-agent-skills
  active_owner: kotlin/kotlin-agent-skills
  content_hash: sha256:38e9886bc1a3706b4b9fdfd51f38940ce47708e8d524276df160ca8af530f629
- kind: project-relative
  target: agent-skills
  value: .agents/skills/kotlin-tooling-cocoapods-spm-migration/references/common-pods-mapping.md
  runtime: null
  scope: project
  owners:
  - kotlin/kotlin-agent-skills
  active_owner: kotlin/kotlin-agent-skills
  content_hash: sha256:6f3cb5a2c2a0b096720ad4cb97a744e004e9598b3b4e26b5b8420633c14e5791
- kind: project-relative
  target: agent-skills
  value: .agents/skills/kotlin-tooling-cocoapods-spm-migration/references/dsl-reference.md
  runtime: null
  scope: project
  owners:
  - kotlin/kotlin-agent-skills
  active_owner: kotlin/kotlin-agent-skills
  content_hash: sha256:67b05e2de0f117463f8d743e624a9241f6820bea0380292b5b026a58050b5145
- kind: project-relative
  target: agent-skills
  value: .agents/skills/kotlin-tooling-cocoapods-spm-migration/references/migration-report-template.md
  runtime: null
  scope: project
  owners:
  - kotlin/kotlin-agent-skills
  active_owner: kotlin/kotlin-agent-skills
  content_hash: sha256:ea0d1fa2f4db039ad04f919a964f634ccd1b890336852574399eeaa74e84e7f5
- kind: project-relative
  target: agent-skills
  value: .agents/skills/kotlin-tooling-cocoapods-spm-migration/references/troubleshooting.md
  runtime: null
  scope: project
  owners:
  - kotlin/kotlin-agent-skills
  active_owner: kotlin/kotlin-agent-skills
  content_hash: sha256:aee1e42d1f4dd6e8fafba6de59896e1d6b667ada352de6d0e8c0bdc2971108da
- kind: project-relative
  target: agent-skills
  value: .agents/skills/kotlin-tooling-immutable-collections-0-5-x-migration
  runtime: null
  scope: project
  owners:
  - kotlin/kotlin-agent-skills
  active_owner: kotlin/kotlin-agent-skills
  content_hash: null
- kind: project-relative
  target: agent-skills
  value: .agents/skills/kotlin-tooling-immutable-collections-0-5-x-migration/SKILL.md
  runtime: null
  scope: project
  owners:
  - kotlin/kotlin-agent-skills
  active_owner: kotlin/kotlin-agent-skills
  content_hash: sha256:7b161da34a28fc5a6855b6e1b6c1749fbc754eaa29b911ec0cc8bb532b0c9d26
- kind: project-relative
  target: agent-skills
  value: .agents/skills/kotlin-tooling-java-to-kotlin
  runtime: null
  scope: project
  owners:
  - kotlin/kotlin-agent-skills
  active_owner: kotlin/kotlin-agent-skills
  content_hash: null
- kind: project-relative
  target: agent-skills
  value: .agents/skills/kotlin-tooling-java-to-kotlin/SKILL.md
  runtime: null
  scope: project
  owners:
  - kotlin/kotlin-agent-skills
  active_owner: kotlin/kotlin-agent-skills
  content_hash: sha256:5b372715adac4df37e3261040ead2d0c937a5e06a55178fa5ff0fcc95adc1944
- kind: project-relative
  target: agent-skills
  value: .agents/skills/kotlin-tooling-java-to-kotlin/assets/checklist.md
  runtime: null
  scope: project
  owners:
  - kotlin/kotlin-agent-skills
  active_owner: kotlin/kotlin-agent-skills
  content_hash: sha256:b2cafa681d87c3d6b9ce730954943ccc306e0c3c5d96f3f7eb0d6726d108bb40
- kind: project-relative
  target: agent-skills
  value: .agents/skills/kotlin-tooling-java-to-kotlin/references/CONVERSION-METHODOLOGY.md
  runtime: null
  scope: project
  owners:
  - kotlin/kotlin-agent-skills
  active_owner: kotlin/kotlin-agent-skills
  content_hash: sha256:b83aaed4331d632065008872bb5db9898f4bb3c14a76b73e166b2509ab48f4ea
- kind: project-relative
  target: agent-skills
  value: .agents/skills/kotlin-tooling-java-to-kotlin/references/KNOWN-ISSUES.md
  runtime: null
  scope: project
  owners:
  - kotlin/kotlin-agent-skills
  active_owner: kotlin/kotlin-agent-skills
  content_hash: sha256:581cce6cb0b8c353c2f573435c9b2ba36a0f3768aee755680c652dd4067e5e34
- kind: project-relative
  target: agent-skills
  value: .agents/skills/kotlin-tooling-java-to-kotlin/references/frameworks/DAGGER-HILT.md
  runtime: null
  scope: project
  owners:
  - kotlin/kotlin-agent-skills
  active_owner: kotlin/kotlin-agent-skills
  content_hash: sha256:ed52d352e63f7675677fa2ffb5f37ef97554a34b5176c34861031839031ac4b9
- kind: project-relative
  target: agent-skills
  value: .agents/skills/kotlin-tooling-java-to-kotlin/references/frameworks/GUICE.md
  runtime: null
  scope: project
  owners:
  - kotlin/kotlin-agent-skills
  active_owner: kotlin/kotlin-agent-skills
  content_hash: sha256:7ca1991006f3e009a18f4bf5276a02873c87c75201b34ba69eb0cc5c2cdcf0f5
- kind: project-relative
  target: agent-skills
  value: .agents/skills/kotlin-tooling-java-to-kotlin/references/frameworks/HIBERNATE.md
  runtime: null
  scope: project
  owners:
  - kotlin/kotlin-agent-skills
  active_owner: kotlin/kotlin-agent-skills
  content_hash: sha256:02cf14d4d56cba141682bd8bfd5154d2018822a3aca6f477d8fb48bb91e08277
- kind: project-relative
  target: agent-skills
  value: .agents/skills/kotlin-tooling-java-to-kotlin/references/frameworks/JACKSON.md
  runtime: null
  scope: project
  owners:
  - kotlin/kotlin-agent-skills
  active_owner: kotlin/kotlin-agent-skills
  content_hash: sha256:c407201a3629f1af4117e3b6b99a0cbebb7f7b62ef14fb9c3bb7e55250ea86ef
- kind: project-relative
  target: agent-skills
  value: .agents/skills/kotlin-tooling-java-to-kotlin/references/frameworks/JUNIT.md
  runtime: null
  scope: project
  owners:
  - kotlin/kotlin-agent-skills
  active_owner: kotlin/kotlin-agent-skills
  content_hash: sha256:58141f5f63afe96944366bcd2e4d462f6ba4d55e2cfe5e8fd29e77ff51604c78
- kind: project-relative
  target: agent-skills
  value: .agents/skills/kotlin-tooling-java-to-kotlin/references/frameworks/LOMBOK.md
  runtime: null
  scope: project
  owners:
  - kotlin/kotlin-agent-skills
  active_owner: kotlin/kotlin-agent-skills
  content_hash: sha256:b7f2e11b740261ebec3a9afcd2fa4a7a0c82f082433986c4ba1ba62c64b0bf25
- kind: project-relative
  target: agent-skills
  value: .agents/skills/kotlin-tooling-java-to-kotlin/references/frameworks/MICRONAUT.md
  runtime: null
  scope: project
  owners:
  - kotlin/kotlin-agent-skills
  active_owner: kotlin/kotlin-agent-skills
  content_hash: sha256:4d5f9ba64acc694cdade9d374e43548f083bacb40d2995ce424c4ff8c7836edd
- kind: project-relative
  target: agent-skills
  value: .agents/skills/kotlin-tooling-java-to-kotlin/references/frameworks/MOCKITO.md
  runtime: null
  scope: project
  owners:
  - kotlin/kotlin-agent-skills
  active_owner: kotlin/kotlin-agent-skills
  content_hash: sha256:221bdf1fae8def5ca083e84cf829b252baceea065eca10a42fa7279d6f8be23e
- kind: project-relative
  target: agent-skills
  value: .agents/skills/kotlin-tooling-java-to-kotlin/references/frameworks/QUARKUS.md
  runtime: null
  scope: project
  owners:
  - kotlin/kotlin-agent-skills
  active_owner: kotlin/kotlin-agent-skills
  content_hash: sha256:d0c708e5cf05598fa04760a1696bf2ad396f67933324ebaae51f475f4ec88d5a
- kind: project-relative
  target: agent-skills
  value: .agents/skills/kotlin-tooling-java-to-kotlin/references/frameworks/RETROFIT.md
  runtime: null
  scope: project
  owners:
  - kotlin/kotlin-agent-skills
  active_owner: kotlin/kotlin-agent-skills
  content_hash: sha256:b79fd49230bb9cf2b9a2b05ddb772de8ba4b5d80ddc00dc7b3a33550e2988f22
- kind: project-relative
  target: agent-skills
  value: .agents/skills/kotlin-tooling-java-to-kotlin/references/frameworks/RXJAVA.md
  runtime: null
  scope: project
  owners:
  - kotlin/kotlin-agent-skills
  active_owner: kotlin/kotlin-agent-skills
  content_hash: sha256:87cad42db77a79c9c2a8bc24d051f0526300fb0682de239e30bbd88748608b82
- kind: project-relative
  target: agent-skills
  value: .agents/skills/kotlin-tooling-java-to-kotlin/references/frameworks/SPRING.md
  runtime: null
  scope: project
  owners:
  - kotlin/kotlin-agent-skills
  active_owner: kotlin/kotlin-agent-skills
  content_hash: sha256:b07412f7dbcd9cb7d543370e69e6e9d0faf4f4bd74608a0586fa0be93c881ae8
- kind: project-relative
  target: agent-skills
  value: .agents/skills/kotlin-tooling-native-build-performance
  runtime: null
  scope: project
  owners:
  - kotlin/kotlin-agent-skills
  active_owner: kotlin/kotlin-agent-skills
  content_hash: null
- kind: project-relative
  target: agent-skills
  value: .agents/skills/kotlin-tooling-native-build-performance/SKILL.md
  runtime: null
  scope: project
  owners:
  - kotlin/kotlin-agent-skills
  active_owner: kotlin/kotlin-agent-skills
  content_hash: sha256:948fcecafa9fd0dcd447682e1fef7046b542be710ee27c2f25eade31c182455e
- kind: project-relative
  target: agent-skills
  value: .agents/skills/kotlin-tooling-native-build-performance/evals/EVALUATION.md
  runtime: null
  scope: project
  owners:
  - kotlin/kotlin-agent-skills
  active_owner: kotlin/kotlin-agent-skills
  content_hash: sha256:f7f4a9c7412e6e40e9b9fc66f4654fbc35c790c8a89a4ec77e1f3eeaf0219e7c
- kind: project-relative
  target: agent-skills
  value: .agents/skills/kotlin-tooling-native-build-performance/references/artifacts-and-targets.md
  runtime: null
  scope: project
  owners:
  - kotlin/kotlin-agent-skills
  active_owner: kotlin/kotlin-agent-skills
  content_hash: sha256:5dceccd55aa6b517b1f2e48b76b585958244ee66818ecbb4cfa056c0f8cc66ff
- kind: project-relative
  target: agent-skills
  value: .agents/skills/kotlin-tooling-native-build-performance/references/caching-and-gradle.md
  runtime: null
  scope: project
  owners:
  - kotlin/kotlin-agent-skills
  active_owner: kotlin/kotlin-agent-skills
  content_hash: sha256:2f7f316e62d3b79adc9b80348b0f25b1ded3d9871d3a528dd1db3af3ecd792cf
- kind: project-relative
  target: agent-skills
  value: .agents/skills/kotlin-tooling-native-build-performance/references/experimental.md
  runtime: null
  scope: project
  owners:
  - kotlin/kotlin-agent-skills
  active_owner: kotlin/kotlin-agent-skills
  content_hash: sha256:e0e83e36ebdd41f393082680ed06ff396077540544c5723cace80a2058a5eb1f
- kind: project-relative
  target: agent-skills
  value: .agents/skills/kotlin-tooling-native-build-performance/references/exports-and-generated-code.md
  runtime: null
  scope: project
  owners:
  - kotlin/kotlin-agent-skills
  active_owner: kotlin/kotlin-agent-skills
  content_hash: sha256:76d94b9a08e933f09eaae66e8a613f79726dbabc65f765e2130fabf93c0f87d3
- kind: project-relative
  target: agent-skills
  value: .agents/skills/kotlin-tooling-native-build-performance/scripts/audit-native-build.sh
  runtime: null
  scope: project
  owners:
  - kotlin/kotlin-agent-skills
  active_owner: kotlin/kotlin-agent-skills
  content_hash: sha256:94af58014fb24aaf1e7757ce804ea19e4023cc778da77ac0d725bd19aa0ba9e7
- kind: project-relative
  target: agent-skills
  value: .agents/skills/ordering-modifier-chains
  runtime: null
  scope: project
  owners:
  - skydoves/compose-performance-skills/modifiers/ordering-modifier-chains
  active_owner: skydoves/compose-performance-skills/modifiers/ordering-modifier-chains
  content_hash: null
- kind: project-relative
  target: agent-skills
  value: .agents/skills/ordering-modifier-chains/SKILL.md
  runtime: null
  scope: project
  owners:
  - skydoves/compose-performance-skills/modifiers/ordering-modifier-chains
  active_owner: skydoves/compose-performance-skills/modifiers/ordering-modifier-chains
  content_hash: sha256:57b72424fb4f25e33b8a4144e9eaaae01b11fff2d375514e00b56e5fa0934c8a
- kind: project-relative
  target: agent-skills
  value: .agents/skills/software-craftsmanship
  runtime: null
  scope: project
  owners:
  - alonsofloo/skills
  active_owner: alonsofloo/skills
  content_hash: null
- kind: project-relative
  target: agent-skills
  value: .agents/skills/software-craftsmanship/SKILL.md
  runtime: null
  scope: project
  owners:
  - alonsofloo/skills
  active_owner: alonsofloo/skills
  content_hash: sha256:f8224732f27069f201362576380b87baef65de15e3d30d792d4137a7202fa7e3
- kind: project-relative
  target: agent-skills
  value: .agents/skills/software-craftsmanship/references/examples.md
  runtime: null
  scope: project
  owners:
  - alonsofloo/skills
  active_owner: alonsofloo/skills
  content_hash: sha256:47d984d8b1bdfe5c48e2b6a56aafcc1357c66059329d47c2253c4908baaceffc
- kind: project-relative
  target: agent-skills
  value: .agents/skills/swift-concurrency
  runtime: null
  scope: project
  owners:
  - avdlee/swift-concurrency-agent-skill
  active_owner: avdlee/swift-concurrency-agent-skill
  content_hash: null
- kind: project-relative
  target: agent-skills
  value: .agents/skills/swift-concurrency/SKILL.md
  runtime: null
  scope: project
  owners:
  - avdlee/swift-concurrency-agent-skill
  active_owner: avdlee/swift-concurrency-agent-skill
  content_hash: sha256:8c667b2ff988251c7c291abe046b77d7b8fcfbe3b5ed36961e25e224b1ead491
- kind: project-relative
  target: agent-skills
  value: .agents/skills/swift-concurrency/agents/openai.yaml
  runtime: null
  scope: project
  owners:
  - avdlee/swift-concurrency-agent-skill
  active_owner: avdlee/swift-concurrency-agent-skill
  content_hash: sha256:ee6afe3f6c048fa77f73510f5536abc8f399bc48c8641dc308343ed37ee53cfc
- kind: project-relative
  target: agent-skills
  value: .agents/skills/swift-concurrency/assets/logo-small.png
  runtime: null
  scope: project
  owners:
  - avdlee/swift-concurrency-agent-skill
  active_owner: avdlee/swift-concurrency-agent-skill
  content_hash: sha256:f1f69d278df362306d16809151486fad79fc08d6b3018aeabea4580507392f93
- kind: project-relative
  target: agent-skills
  value: .agents/skills/swift-concurrency/assets/logo.png
  runtime: null
  scope: project
  owners:
  - avdlee/swift-concurrency-agent-skill
  active_owner: avdlee/swift-concurrency-agent-skill
  content_hash: sha256:7eeb6005c4ce9d1ab514418cc645c463fa6b84536527dfac715676ee878cf7b1
- kind: project-relative
  target: agent-skills
  value: .agents/skills/swift-concurrency/references/_index.md
  runtime: null
  scope: project
  owners:
  - avdlee/swift-concurrency-agent-skill
  active_owner: avdlee/swift-concurrency-agent-skill
  content_hash: sha256:7e9e076d885ef05402a67aa8a84b83e63a3c29b3d005816f6acb4c30b6d76531
- kind: project-relative
  target: agent-skills
  value: .agents/skills/swift-concurrency/references/actors.md
  runtime: null
  scope: project
  owners:
  - avdlee/swift-concurrency-agent-skill
  active_owner: avdlee/swift-concurrency-agent-skill
  content_hash: sha256:2de7cebbdd1cbc2b7c9312c7b59a3f44ada0456b6e74579aae7fba3e02b0b5fe
- kind: project-relative
  target: agent-skills
  value: .agents/skills/swift-concurrency/references/async-algorithms.md
  runtime: null
  scope: project
  owners:
  - avdlee/swift-concurrency-agent-skill
  active_owner: avdlee/swift-concurrency-agent-skill
  content_hash: sha256:9e16790e9b81850a37b3de995220074491f3efd5accab1f5daa0a633625fed40
- kind: project-relative
  target: agent-skills
  value: .agents/skills/swift-concurrency/references/async-await-basics.md
  runtime: null
  scope: project
  owners:
  - avdlee/swift-concurrency-agent-skill
  active_owner: avdlee/swift-concurrency-agent-skill
  content_hash: sha256:e550aba692af77cf660ad6f754a65c52b01505cad234d159a6d47a919faaf536
- kind: project-relative
  target: agent-skills
  value: .agents/skills/swift-concurrency/references/async-sequences.md
  runtime: null
  scope: project
  owners:
  - avdlee/swift-concurrency-agent-skill
  active_owner: avdlee/swift-concurrency-agent-skill
  content_hash: sha256:33d853118e37c1ac380c253200571efa44fe7127b9b6512ba95b43e670a5f453
- kind: project-relative
  target: agent-skills
  value: .agents/skills/swift-concurrency/references/core-data.md
  runtime: null
  scope: project
  owners:
  - avdlee/swift-concurrency-agent-skill
  active_owner: avdlee/swift-concurrency-agent-skill
  content_hash: sha256:c89c4846fa64a2389abf807684ed373a6c0e6d16351dfa051e1fd71b85444d00
- kind: project-relative
  target: agent-skills
  value: .agents/skills/swift-concurrency/references/glossary.md
  runtime: null
  scope: project
  owners:
  - avdlee/swift-concurrency-agent-skill
  active_owner: avdlee/swift-concurrency-agent-skill
  content_hash: sha256:20dd1f05717810944af675db215d758efa5d1c7b487ee007faae1ec4e2a7c36f
- kind: project-relative
  target: agent-skills
  value: .agents/skills/swift-concurrency/references/linting.md
  runtime: null
  scope: project
  owners:
  - avdlee/swift-concurrency-agent-skill
  active_owner: avdlee/swift-concurrency-agent-skill
  content_hash: sha256:ead994f6e254208acf298a588ad9a49bbd9779530f31e01c74c4d32d06a7bd4a
- kind: project-relative
  target: agent-skills
  value: .agents/skills/swift-concurrency/references/memory-management.md
  runtime: null
  scope: project
  owners:
  - avdlee/swift-concurrency-agent-skill
  active_owner: avdlee/swift-concurrency-agent-skill
  content_hash: sha256:28dcb8a7ff7411390ca0b7f1b0db16d6b00c3705bd6ed1f9b649c476bf0a7554
- kind: project-relative
  target: agent-skills
  value: .agents/skills/swift-concurrency/references/migration.md
  runtime: null
  scope: project
  owners:
  - avdlee/swift-concurrency-agent-skill
  active_owner: avdlee/swift-concurrency-agent-skill
  content_hash: sha256:9115da8228d3a19426869627c28b7ed444f8d783723039293cceb46a1fc1c570
- kind: project-relative
  target: agent-skills
  value: .agents/skills/swift-concurrency/references/observation.md
  runtime: null
  scope: project
  owners:
  - avdlee/swift-concurrency-agent-skill
  active_owner: avdlee/swift-concurrency-agent-skill
  content_hash: sha256:940c085d43e2e067848d7caf95731fb1335c3f16f83ebe43b06549021a29f1b1
- kind: project-relative
  target: agent-skills
  value: .agents/skills/swift-concurrency/references/performance.md
  runtime: null
  scope: project
  owners:
  - avdlee/swift-concurrency-agent-skill
  active_owner: avdlee/swift-concurrency-agent-skill
  content_hash: sha256:dfd74c1c592ce42c520b54a309ba2b50e228608efa055fd6b597067e9ad71668
- kind: project-relative
  target: agent-skills
  value: .agents/skills/swift-concurrency/references/sendable.md
  runtime: null
  scope: project
  owners:
  - avdlee/swift-concurrency-agent-skill
  active_owner: avdlee/swift-concurrency-agent-skill
  content_hash: sha256:af8e026b3c205d3c3acb58bf9a59e456f063f564845f38020a91cac511a08ca8
- kind: project-relative
  target: agent-skills
  value: .agents/skills/swift-concurrency/references/tasks.md
  runtime: null
  scope: project
  owners:
  - avdlee/swift-concurrency-agent-skill
  active_owner: avdlee/swift-concurrency-agent-skill
  content_hash: sha256:0401a762683454149d5ca532684901f4fb5597a6821acacc8d49d037db9a37e9
- kind: project-relative
  target: agent-skills
  value: .agents/skills/swift-concurrency/references/testing.md
  runtime: null
  scope: project
  owners:
  - avdlee/swift-concurrency-agent-skill
  active_owner: avdlee/swift-concurrency-agent-skill
  content_hash: sha256:3df9e839b3338dd473115d9ac8787a42d91b50a537fe40c55cf66d21034679db
- kind: project-relative
  target: agent-skills
  value: .agents/skills/swift-concurrency/references/threading.md
  runtime: null
  scope: project
  owners:
  - avdlee/swift-concurrency-agent-skill
  active_owner: avdlee/swift-concurrency-agent-skill
  content_hash: sha256:0a4e44bd27fdf852cf5f8f5aa64cfe15ba229fb7c885b3f69ed2afdbfac8752a
- kind: project-relative
  target: agent-skills
  value: .agents/skills/testing-craftsmanship
  runtime: null
  scope: project
  owners:
  - alonsofloo/skills
  active_owner: alonsofloo/skills
  content_hash: null
- kind: project-relative
  target: agent-skills
  value: .agents/skills/testing-craftsmanship/SKILL.md
  runtime: null
  scope: project
  owners:
  - alonsofloo/skills
  active_owner: alonsofloo/skills
  content_hash: sha256:ae676ba6cd71e563757e6914a9da9a5b3a29602da69f9e80a22e55b932c982c2
- kind: project-relative
  target: agent-skills
  value: .agents/skills/testing-craftsmanship/references/examples.md
  runtime: null
  scope: project
  owners:
  - alonsofloo/skills
  active_owner: alonsofloo/skills
  content_hash: sha256:0a9cf62cc6549e2075686b000c97d712d461daf03bebfbd5ed0a7f76aa71eba4
- kind: project-relative
  target: agent-skills
  value: .agents/skills/using-efficient-effects
  runtime: null
  scope: project
  owners:
  - skydoves/compose-performance-skills/side-effects/using-efficient-effects
  active_owner: skydoves/compose-performance-skills/side-effects/using-efficient-effects
  content_hash: null
- kind: project-relative
  target: agent-skills
  value: .agents/skills/using-efficient-effects/SKILL.md
  runtime: null
  scope: project
  owners:
  - skydoves/compose-performance-skills/side-effects/using-efficient-effects
  active_owner: skydoves/compose-performance-skills/side-effects/using-efficient-effects
  content_hash: sha256:f5f891478683cb1eb0d07aef277606135560f0491993a45181a141627d080362
